
Microsoft Visual Studio Solution File, Format Version 12.00
# Visual Studio Version 16
VisualStudioVersion = 16.0.30413.136
MinimumVisualStudioVersion = 10.0.40219.1
Project("{FAE04EC0-301F-11D3-BF4B-00C04F79EFBC}") = "cosmosdiag", "cosmosdiag\cosmosdiag.csproj", "{BCB4E463-05AD-4955-B7BD-661040F7E537}"
EndProject
Global
	GlobalSection(SolutionConfigurationPlatforms) = preSolution
		Debug|Any CPU = Debug|Any CPU
		Release|Any CPU = Release|Any CPU
	EndGlobalSection
	GlobalSection(ProjectConfigurationPlatforms) = postSolution
		{BCB4E463-05AD-4955-B7BD-661040F7E537}.Debug|Any CPU.ActiveCfg = Debug|Any CPU
		{BCB4E463-05AD-4955-B7BD-661040F7E537}.Debug|Any CPU.Build.0 = Debug|Any CPU
		{BCB4E463-05AD-4955-B7BD-661040F7E537}.Release|Any CPU.ActiveCfg = Release|Any CPU
		{BCB4E463-05AD-4955-B7BD-661040F7E537}.Release|Any CPU.Build.0 = Release|Any CPU
	EndGlobalSection
	GlobalSection(SolutionProperties) = preSolution
		HideSolutionNode = FALSE
	EndGlobalSection
	GlobalSection(ExtensibilityGlobals) = postSolution
		SolutionGuid = {E4529184-1462-43BE-B5D7-02FC93A0618A}
	EndGlobalSection
EndGlobal
